Microsoft Visual Studio Solution File, Format Version 11.00
# Visual Studio 2008

Project("{A7668E9E-51AE-95E3-7784-3A43AA08F8DB}") = "cs_test", "Assembly-CSharp.csproj", "{DE956E9C-E528-E0D0-FC2F-BBB4910B13BA}"
EndProject
Global
	GlobalSection(SolutionConfigurationPlatforms) = preSolution
		Debug|Any CPU = Debug|Any CPU
		Release|Any CPU = Release|Any CPU
	EndGlobalSection
	GlobalSection(ProjectConfigurationPlatforms) = postSolution
		{DE956E9C-E528-E0D0-FC2F-BBB4910B13BA}.Debug|Any CPU.ActiveCfg = Debug|Any CPU
		{DE956E9C-E528-E0D0-FC2F-BBB4910B13BA}.Debug|Any CPU.Build.0 = Debug|Any CPU
		{DE956E9C-E528-E0D0-FC2F-BBB4910B13BA}.Release|Any CPU.ActiveCfg = Release|Any CPU
		{DE956E9C-E528-E0D0-FC2F-BBB4910B13BA}.Release|Any CPU.Build.0 = Release|Any CPU
	EndGlobalSection
	GlobalSection(SolutionProperties) = preSolution
		HideSolutionNode = FALSE
	EndGlobalSection
	GlobalSection(MonoDevelopProperties) = preSolution
		StartupItem = Assembly-CSharp.csproj
	EndGlobalSection
EndGlobal
